// !$*UTF8*$!
{
	archiveVersion = 1;
	classes = {
	};
	objectVersion = 56;
	objects = {

/* Begin PBXBuildFile section */
		1C3E426829DACD2E00E79FE7 /* SF-Pro.ttf in Resources */ = {isa = PBXBuildFile; fileRef = 1C3E426729DACD2E00E79FE7 /* SF-Pro.ttf */; };
		1C3F289C2A123E3C00353A7C /* Kingfisher in Frameworks */ = {isa = PBXBuildFile; productRef = 1C3F289B2A123E3C00353A7C /* Kingfisher */; };
		1C3F289F2A126D5D00353A7C /* SwiftKeychainWrapper in Frameworks */ = {isa = PBXBuildFile; productRef = 1C3F289E2A126D5D00353A7C /* SwiftKeychainWrapper */; };
		1C3F28A12A127B0400353A7C /* TabBarController.swift in Sources */ = {isa = PBXBuildFile; fileRef = 1C3F28A02A127B0400353A7C /* TabBarController.swift */; };
		1C4234472A07983900A73021 /* UIBlockingProgressHUD.swift in Sources */ = {isa = PBXBuildFile; fileRef = 1C4234462A07983900A73021 /* UIBlockingProgressHUD.swift */; };
		1C4234492A079F0000A73021 /* ProfileService.swift in Sources */ = {isa = PBXBuildFile; fileRef = 1C4234482A079F0000A73021 /* ProfileService.swift */; };
		1C42344B2A07A4E500A73021 /* ProfileResult.swift in Sources */ = {isa = PBXBuildFile; fileRef = 1C42344A2A07A4E500A73021 /* ProfileResult.swift */; };
		1C42344D2A07A74900A73021 /* Profile.swift in Sources */ = {isa = PBXBuildFile; fileRef = 1C42344C2A07A74900A73021 /* Profile.swift */; };
		1C42344F2A07AFFC00A73021 /* NetworkError.swift in Sources */ = {isa = PBXBuildFile; fileRef = 1C42344E2A07AFFC00A73021 /* NetworkError.swift */; };
		1C4234512A090ADF00A73021 /* ProfileImageService.swift in Sources */ = {isa = PBXBuildFile; fileRef = 1C4234502A090ADF00A73021 /* ProfileImageService.swift */; };
		1C4234532A090B5400A73021 /* UserResult.swift in Sources */ = {isa = PBXBuildFile; fileRef = 1C4234522A090B5400A73021 /* UserResult.swift */; };
		1C54100F2A0E5EB20082E303 /* AlertModel.swift in Sources */ = {isa = PBXBuildFile; fileRef = 1C54100E2A0E5EB20082E303 /* AlertModel.swift */; };
		1C5410112A0E5F300082E303 /* AlertPresenter.swift in Sources */ = {isa = PBXBuildFile; fileRef = 1C5410102A0E5F300082E303 /* AlertPresenter.swift */; };
		1C585FAE29DABD04008D125F /* ProfileViewController.swift in Sources */ = {isa = PBXBuildFile; fileRef = 1C585FAD29DABD04008D125F /* ProfileViewController.swift */; };
		1C6C0EBE29F8126F00751DFB /* SplashViewController.swift in Sources */ = {isa = PBXBuildFile; fileRef = 1C6C0EBD29F8126F00751DFB /* SplashViewController.swift */; };
		1C6C0EC129FAC28800751DFB /* ProgressHUD in Frameworks */ = {isa = PBXBuildFile; productRef = 1C6C0EC029FAC28800751DFB /* ProgressHUD */; };
		1C746D0229CADE8000FAA660 /* ImagesListCell.swift in Sources */ = {isa = PBXBuildFile; fileRef = 1C746D0129CADE8000FAA660 /* ImagesListCell.swift */; };
		1C99CFF22A0E373500545D4C /* URLSession+Extensions.swift in Sources */ = {isa = PBXBuildFile; fileRef = 1C99CFF12A0E373500545D4C /* URLSession+Extensions.swift */; };
		1CAEFC0A29DC0B4E0068B690 /* SingleImageViewController.swift in Sources */ = {isa = PBXBuildFile; fileRef = 1CAEFC0929DC0B4E0068B690 /* SingleImageViewController.swift */; };
		1CC0508229C365DE008BE8F2 /* AppDelegate.swift in Sources */ = {isa = PBXBuildFile; fileRef = 1CC0508129C365DE008BE8F2 /* AppDelegate.swift */; };
		1CC0508429C365DE008BE8F2 /* SceneDelegate.swift in Sources */ = {isa = PBXBuildFile; fileRef = 1CC0508329C365DE008BE8F2 /* SceneDelegate.swift */; };
		1CC0508629C365DE008BE8F2 /* ImagesListViewController.swift in Sources */ = {isa = PBXBuildFile; fileRef = 1CC0508529C365DE008BE8F2 /* ImagesListViewController.swift */; };
		1CC0508929C365DE008BE8F2 /* Main.storyboard in Resources */ = {isa = PBXBuildFile; fileRef = 1CC0508729C365DE008BE8F2 /* Main.storyboard */; };
		1CC0508B29C365E0008BE8F2 /* Assets.xcassets in Resources */ = {isa = PBXBuildFile; fileRef = 1CC0508A29C365E0008BE8F2 /* Assets.xcassets */; };
		1CC0508E29C365E0008BE8F2 /* LaunchScreen.storyboard in Resources */ = {isa = PBXBuildFile; fileRef = 1CC0508C29C365E0008BE8F2 /* LaunchScreen.storyboard */; };
		1CC92E6429F17780007D6ADE /* OAuthTokenResponseBody.swift in Sources */ = {isa = PBXBuildFile; fileRef = 1CC92E6329F17780007D6ADE /* OAuthTokenResponseBody.swift */; };
		1CC92E6629F181C5007D6ADE /* OAuth2Service.swift in Sources */ = {isa = PBXBuildFile; fileRef = 1CC92E6529F181C5007D6ADE /* OAuth2Service.swift */; };
		1CC92E6A29F28D1F007D6ADE /* OAuth2TokenStorage.swift in Sources */ = {isa = PBXBuildFile; fileRef = 1CC92E6929F28D1F007D6ADE /* OAuth2TokenStorage.swift */; };
		1CC92E6D29F297E7007D6ADE /* URLRequest+Extensions.swift in Sources */ = {isa = PBXBuildFile; fileRef = 1CC92E6C29F297E7007D6ADE /* URLRequest+Extensions.swift */; };
		1CD1179B29E9496E0066FA50 /* Constants.swift in Sources */ = {isa = PBXBuildFile; fileRef = 1CD1179A29E9496E0066FA50 /* Constants.swift */; };
		1CD6436329EE8C0000819DCF /* AuthViewController.swift in Sources */ = {isa = PBXBuildFile; fileRef = 1CD6436229EE8C0000819DCF /* AuthViewController.swift */; };
		1CD6436629EE8DF400819DCF /* WebViewViewController.swift in Sources */ = {isa = PBXBuildFile; fileRef = 1CD6436529EE8DF400819DCF /* WebViewViewController.swift */; };
/* End PBXBuildFile section */

/* Begin PBXFileReference section */
		1C3E426729DACD2E00E79FE7 /* SF-Pro.ttf */ = {isa = PBXFileReference; lastKnownFileType = file; path = "SF-Pro.ttf"; sourceTree = "<group>"; };
		1C3F28A02A127B0400353A7C /* TabBarController.swift */ = {isa = PBXFileReference; lastKnownFileType = sourcecode.swift; path = TabBarController.swift; sourceTree = "<group>"; };
		1C4234462A07983900A73021 /* UIBlockingProgressHUD.swift */ = {isa = PBXFileReference; lastKnownFileType = sourcecode.swift; path = UIBlockingProgressHUD.swift; sourceTree = "<group>"; };
		1C4234482A079F0000A73021 /* ProfileService.swift */ = {isa = PBXFileReference; lastKnownFileType = sourcecode.swift; path = ProfileService.swift; sourceTree = "<group>"; };
		1C42344A2A07A4E500A73021 /* ProfileResult.swift */ = {isa = PBXFileReference; lastKnownFileType = sourcecode.swift; path = ProfileResult.swift; sourceTree = "<group>"; };
		1C42344C2A07A74900A73021 /* Profile.swift */ = {isa = PBXFileReference; lastKnownFileType = sourcecode.swift; path = Profile.swift; sourceTree = "<group>"; };
		1C42344E2A07AFFC00A73021 /* NetworkError.swift */ = {isa = PBXFileReference; lastKnownFileType = sourcecode.swift; path = NetworkError.swift; sourceTree = "<group>"; };
		1C4234502A090ADF00A73021 /* ProfileImageService.swift */ = {isa = PBXFileReference; lastKnownFileType = sourcecode.swift; path = ProfileImageService.swift; sourceTree = "<group>"; };
		1C4234522A090B5400A73021 /* UserResult.swift */ = {isa = PBXFileReference; lastKnownFileType = sourcecode.swift; path = UserResult.swift; sourceTree = "<group>"; };
		1C54100E2A0E5EB20082E303 /* AlertModel.swift */ = {isa = PBXFileReference; lastKnownFileType = sourcecode.swift; path = AlertModel.swift; sourceTree = "<group>"; };
		1C5410102A0E5F300082E303 /* AlertPresenter.swift */ = {isa = PBXFileReference; lastKnownFileType = sourcecode.swift; path = AlertPresenter.swift; sourceTree = "<group>"; };
		1C585FAD29DABD04008D125F /* ProfileViewController.swift */ = {isa = PBXFileReference; lastKnownFileType = sourcecode.swift; path = ProfileViewController.swift; sourceTree = "<group>"; };
		1C6C0EBD29F8126F00751DFB /* SplashViewController.swift */ = {isa = PBXFileReference; lastKnownFileType = sourcecode.swift; path = SplashViewController.swift; sourceTree = "<group>"; };
		1C746D0129CADE8000FAA660 /* ImagesListCell.swift */ = {isa = PBXFileReference; lastKnownFileType = sourcecode.swift; path = ImagesListCell.swift; sourceTree = "<group>"; };
		1C99CFF12A0E373500545D4C /* URLSession+Extensions.swift */ = {isa = PBXFileReference; lastKnownFileType = sourcecode.swift; path = "URLSession+Extensions.swift"; sourceTree = "<group>"; };
		1CAEFC0929DC0B4E0068B690 /* SingleImageViewController.swift */ = {isa = PBXFileReference; lastKnownFileType = sourcecode.swift; path = SingleImageViewController.swift; sourceTree = "<group>"; };
		1CC0507E29C365DE008BE8F2 /* ImageFeed.app */ = {isa = PBXFileReference; explicitFileType = wrapper.application; includeInIndex = 0; path = ImageFeed.app; sourceTree = BUILT_PRODUCTS_DIR; };
		1CC0508129C365DE008BE8F2 /* AppDelegate.swift */ = {isa = PBXFileReference; lastKnownFileType = sourcecode.swift; path = AppDelegate.swift; sourceTree = "<group>"; };
		1CC0508329C365DE008BE8F2 /* SceneDelegate.swift */ = {isa = PBXFileReference; lastKnownFileType = sourcecode.swift; path = SceneDelegate.swift; sourceTree = "<group>"; };
		1CC0508529C365DE008BE8F2 /* ImagesListViewController.swift */ = {isa = PBXFileReference; lastKnownFileType = sourcecode.swift; path = ImagesListViewController.swift; sourceTree = "<group>"; };
		1CC0508829C365DE008BE8F2 /* Base */ = {isa = PBXFileReference; lastKnownFileType = file.storyboard; name = Base; path = Base.lproj/Main.storyboard; sourceTree = "<group>"; };
		1CC0508A29C365E0008BE8F2 /* Assets.xcassets */ = {isa = PBXFileReference; lastKnownFileType = folder.assetcatalog; path = Assets.xcassets; sourceTree = "<group>"; };
		1CC0508D29C365E0008BE8F2 /* Base */ = {isa = PBXFileReference; lastKnownFileType = file.storyboard; name = Base; path = Base.lproj/LaunchScreen.storyboard; sourceTree = "<group>"; };
		1CC0508F29C365E0008BE8F2 /* Info.plist */ = {isa = PBXFileReference; lastKnownFileType = text.plist.xml; path = Info.plist; sourceTree = "<group>"; };
		1CC92E6329F17780007D6ADE /* OAuthTokenResponseBody.swift */ = {isa = PBXFileReference; lastKnownFileType = sourcecode.swift; path = OAuthTokenResponseBody.swift; sourceTree = "<group>"; };
		1CC92E6529F181C5007D6ADE /* OAuth2Service.swift */ = {isa = PBXFileReference; lastKnownFileType = sourcecode.swift; path = OAuth2Service.swift; sourceTree = "<group>"; };
		1CC92E6929F28D1F007D6ADE /* OAuth2TokenStorage.swift */ = {isa = PBXFileReference; lastKnownFileType = sourcecode.swift; path = OAuth2TokenStorage.swift; sourceTree = "<group>"; };
		1CC92E6C29F297E7007D6ADE /* URLRequest+Extensions.swift */ = {isa = PBXFileReference; lastKnownFileType = sourcecode.swift; path = "URLRequest+Extensions.swift"; sourceTree = "<group>"; };
		1CD1179A29E9496E0066FA50 /* Constants.swift */ = {isa = PBXFileReference; lastKnownFileType = sourcecode.swift; path = Constants.swift; sourceTree = "<group>"; };
		1CD6436229EE8C0000819DCF /* AuthViewController.swift */ = {isa = PBXFileReference; lastKnownFileType = sourcecode.swift; path = AuthViewController.swift; sourceTree = "<group>"; };
		1CD6436529EE8DF400819DCF /* WebViewViewController.swift */ = {isa = PBXFileReference; lastKnownFileType = sourcecode.swift; path = WebViewViewController.swift; sourceTree = "<group>"; };
/* End PBXFileReference section */

/* Begin PBXFrameworksBuildPhase section */
		1CC0507B29C365DE008BE8F2 /* Frameworks */ = {
			isa = PBXFrameworksBuildPhase;
			buildActionMask = 2147483647;
			files = (
				1C3F289C2A123E3C00353A7C /* Kingfisher in Frameworks */,
				1C6C0EC129FAC28800751DFB /* ProgressHUD in Frameworks */,
				1C3F289F2A126D5D00353A7C /* SwiftKeychainWrapper in Frameworks */,
			);
			runOnlyForDeploymentPostprocessing = 0;
		};
/* End PBXFrameworksBuildPhase section */

/* Begin PBXGroup section */
		1C3E426629DACCFF00E79FE7 /* Fonts */ = {
			isa = PBXGroup;
			children = (
				1C3E426729DACD2E00E79FE7 /* SF-Pro.ttf */,
			);
			path = Fonts;
			sourceTree = "<group>";
		};
		1C746D0029CADE5A00FAA660 /* ImagesList */ = {
			isa = PBXGroup;
			children = (
				1CC0508529C365DE008BE8F2 /* ImagesListViewController.swift */,
				1C746D0129CADE8000FAA660 /* ImagesListCell.swift */,
			);
			path = ImagesList;
			sourceTree = "<group>";
		};
		1CC0507529C365DE008BE8F2 = {
			isa = PBXGroup;
			children = (
				1CC0508029C365DE008BE8F2 /* ImageFeed */,
				1CC0507F29C365DE008BE8F2 /* Products */,
			);
			sourceTree = "<group>";
		};
		1CC0507F29C365DE008BE8F2 /* Products */ = {
			isa = PBXGroup;
			children = (
				1CC0507E29C365DE008BE8F2 /* ImageFeed.app */,
			);
			name = Products;
			sourceTree = "<group>";
		};
		1CC0508029C365DE008BE8F2 /* ImageFeed */ = {
			isa = PBXGroup;
			children = (
				1CC92E6E29F2A635007D6ADE /* Models */,
				1CC92E6B29F2978F007D6ADE /* Helers */,
				1CC92E6829F28C8A007D6ADE /* Presentation */,
				1C3E426629DACCFF00E79FE7 /* Fonts */,
				1C746D0029CADE5A00FAA660 /* ImagesList */,
				1CC0508129C365DE008BE8F2 /* AppDelegate.swift */,
				1CC0508329C365DE008BE8F2 /* SceneDelegate.swift */,
				1CD6436429EE8C5000819DCF /* Auth */,
				1CC92E6729F28C17007D6ADE /* Services */,
				1CC0508A29C365E0008BE8F2 /* Assets.xcassets */,
				1CC0508C29C365E0008BE8F2 /* LaunchScreen.storyboard */,
				1CC0508F29C365E0008BE8F2 /* Info.plist */,
				1CD1179A29E9496E0066FA50 /* Constants.swift */,
				1C4234462A07983900A73021 /* UIBlockingProgressHUD.swift */,
			);
			path = ImageFeed;
			sourceTree = "<group>";
		};
		1CC92E6729F28C17007D6ADE /* Services */ = {
			isa = PBXGroup;
			children = (
				1CC92E6529F181C5007D6ADE /* OAuth2Service.swift */,
				1CC92E6929F28D1F007D6ADE /* OAuth2TokenStorage.swift */,
				1C4234482A079F0000A73021 /* ProfileService.swift */,
				1C4234502A090ADF00A73021 /* ProfileImageService.swift */,
			);
			path = Services;
			sourceTree = "<group>";
		};
		1CC92E6829F28C8A007D6ADE /* Presentation */ = {
			isa = PBXGroup;
			children = (
				1C585FAD29DABD04008D125F /* ProfileViewController.swift */,
				1CC0508729C365DE008BE8F2 /* Main.storyboard */,
				1CAEFC0929DC0B4E0068B690 /* SingleImageViewController.swift */,
				1C6C0EBD29F8126F00751DFB /* SplashViewController.swift */,
				1C5410102A0E5F300082E303 /* AlertPresenter.swift */,
				1C3F28A02A127B0400353A7C /* TabBarController.swift */,
			);
			path = Presentation;
			sourceTree = "<group>";
		};
		1CC92E6B29F2978F007D6ADE /* Helers */ = {
			isa = PBXGroup;
			children = (
				1CC92E6C29F297E7007D6ADE /* URLRequest+Extensions.swift */,
				1C99CFF12A0E373500545D4C /* URLSession+Extensions.swift */,
			);
			path = Helers;
			sourceTree = "<group>";
		};
		1CC92E6E29F2A635007D6ADE /* Models */ = {
			isa = PBXGroup;
			children = (
				1CC92E6329F17780007D6ADE /* OAuthTokenResponseBody.swift */,
				1C42344A2A07A4E500A73021 /* ProfileResult.swift */,
				1C42344C2A07A74900A73021 /* Profile.swift */,
				1C42344E2A07AFFC00A73021 /* NetworkError.swift */,
				1C4234522A090B5400A73021 /* UserResult.swift */,
				1C54100E2A0E5EB20082E303 /* AlertModel.swift */,
			);
			path = Models;
			sourceTree = "<group>";
		};
		1CD6436429EE8C5000819DCF /* Auth */ = {
			isa = PBXGroup;
			children = (
				1CD6436229EE8C0000819DCF /* AuthViewController.swift */,
				1CD6436529EE8DF400819DCF /* WebViewViewController.swift */,
			);
			path = Auth;
			sourceTree = "<group>";
		};
/* End PBXGroup section */

/* Begin PBXNativeTarget section */
		1CC0507D29C365DE008BE8F2 /* ImageFeed */ = {
			isa = PBXNativeTarget;
			buildConfigurationList = 1CC0509229C365E0008BE8F2 /* Build configuration list for PBXNativeTarget "ImageFeed" */;
			buildPhases = (
				1CC0507A29C365DE008BE8F2 /* Sources */,
				1CC0507B29C365DE008BE8F2 /* Frameworks */,
				1CC0507C29C365DE008BE8F2 /* Resources */,
			);
			buildRules = (
			);
			dependencies = (
			);
			name = ImageFeed;
			packageProductDependencies = (
				1C6C0EC029FAC28800751DFB /* ProgressHUD */,
				1C3F289B2A123E3C00353A7C /* Kingfisher */,
				1C3F289E2A126D5D00353A7C /* SwiftKeychainWrapper */,
			);
			productName = ImageFeed;
			productReference = 1CC0507E29C365DE008BE8F2 /* ImageFeed.app */;
			productType = "com.apple.product-type.application";
		};
/* End PBXNativeTarget section */

/* Begin PBXProject section */
		1CC0507629C365DE008BE8F2 /* Project object */ = {
			isa = PBXProject;
			attributes = {
				BuildIndependentTargetsInParallel = 1;
				LastSwiftUpdateCheck = 1420;
				LastUpgradeCheck = 1420;
				TargetAttributes = {
					1CC0507D29C365DE008BE8F2 = {
						CreatedOnToolsVersion = 14.2;
					};
				};
			};
			buildConfigurationList = 1CC0507929C365DE008BE8F2 /* Build configuration list for PBXProject "ImageFeed" */;
			compatibilityVersion = "Xcode 14.0";
			developmentRegion = en;
			hasScannedForEncodings = 0;
			knownRegions = (
				en,
				Base,
			);
			mainGroup = 1CC0507529C365DE008BE8F2;
			packageReferences = (
				1C6C0EBF29FAC28800751DFB /* XCRemoteSwiftPackageReference "ProgressHUD" */,
				1C3F289A2A123E3C00353A7C /* XCRemoteSwiftPackageReference "Kingfisher" */,
				1C3F289D2A126D5D00353A7C /* XCRemoteSwiftPackageReference "SwiftKeychainWrapper" */,
			);
			productRefGroup = 1CC0507F29C365DE008BE8F2 /* Products */;
			projectDirPath = "";
			projectRoot = "";
			targets = (
				1CC0507D29C365DE008BE8F2 /* ImageFeed */,
			);
		};
/* End PBXProject section */

/* Begin PBXResourcesBuildPhase section */
		1CC0507C29C365DE008BE8F2 /* Resources */ = {
			isa = PBXResourcesBuildPhase;
			buildActionMask = 2147483647;
			files = (
				1CC0508E29C365E0008BE8F2 /* LaunchScreen.storyboard in Resources */,
				1C3E426829DACD2E00E79FE7 /* SF-Pro.ttf in Resources */,
				1CC0508B29C365E0008BE8F2 /* Assets.xcassets in Resources */,
				1CC0508929C365DE008BE8F2 /* Main.storyboard in Resources */,
			);
			runOnlyForDeploymentPostprocessing = 0;
		};
/* End PBXResourcesBuildPhase section */

/* Begin PBXSourcesBuildPhase section */
		1CC0507A29C365DE008BE8F2 /* Sources */ = {
			isa = PBXSourcesBuildPhase;
			buildActionMask = 2147483647;
			files = (
				1CC92E6D29F297E7007D6ADE /* URLRequest+Extensions.swift in Sources */,
				1C4234492A079F0000A73021 /* ProfileService.swift in Sources */,
				1CC92E6A29F28D1F007D6ADE /* OAuth2TokenStorage.swift in Sources */,
				1CC0508629C365DE008BE8F2 /* ImagesListViewController.swift in Sources */,
				1C746D0229CADE8000FAA660 /* ImagesListCell.swift in Sources */,
				1C4234532A090B5400A73021 /* UserResult.swift in Sources */,
				1C585FAE29DABD04008D125F /* ProfileViewController.swift in Sources */,
				1C6C0EBE29F8126F00751DFB /* SplashViewController.swift in Sources */,
				1C42344D2A07A74900A73021 /* Profile.swift in Sources */,
				1CC0508229C365DE008BE8F2 /* AppDelegate.swift in Sources */,
				1C42344B2A07A4E500A73021 /* ProfileResult.swift in Sources */,
				1CC92E6629F181C5007D6ADE /* OAuth2Service.swift in Sources */,
				1C99CFF22A0E373500545D4C /* URLSession+Extensions.swift in Sources */,
				1C54100F2A0E5EB20082E303 /* AlertModel.swift in Sources */,
				1C4234472A07983900A73021 /* UIBlockingProgressHUD.swift in Sources */,
				1CC92E6429F17780007D6ADE /* OAuthTokenResponseBody.swift in Sources */,
				1CD6436329EE8C0000819DCF /* AuthViewController.swift in Sources */,
				1CD1179B29E9496E0066FA50 /* Constants.swift in Sources */,
				1C3F28A12A127B0400353A7C /* TabBarController.swift in Sources */,
				1CAEFC0A29DC0B4E0068B690 /* SingleImageViewController.swift in Sources */,
				1CD6436629EE8DF400819DCF /* WebViewViewController.swift in Sources */,
				1C4234512A090ADF00A73021 /* ProfileImageService.swift in Sources */,
				1CC0508429C365DE008BE8F2 /* SceneDelegate.swift in Sources */,
				1C42344F2A07AFFC00A73021 /* NetworkError.swift in Sources */,
				1C5410112A0E5F300082E303 /* AlertPresenter.swift in Sources */,
			);
			runOnlyForDeploymentPostprocessing = 0;
		};
/* End PBXSourcesBuildPhase section */

/* Begin PBXVariantGroup section */
		1CC0508729C365DE008BE8F2 /* Main.storyboard */ = {
			isa = PBXVariantGroup;
			children = (
				1CC0508829C365DE008BE8F2 /* Base */,
			);
			name = Main.storyboard;
			sourceTree = "<group>";
		};
		1CC0508C29C365E0008BE8F2 /* LaunchScreen.storyboard */ = {
			isa = PBXVariantGroup;
			children = (
				1CC0508D29C365E0008BE8F2 /* Base */,
			);
			name = LaunchScreen.storyboard;
			sourceTree = "<group>";
		};
/* End PBXVariantGroup section */

/* Begin XCBuildConfiguration section */
		1CC0509029C365E0008BE8F2 /* Debug */ = {
			isa = XCBuildConfiguration;
			buildSettings = {
				ALWAYS_SEARCH_USER_PATHS = NO;
				CLANG_ANALYZER_NONNULL = YES;
				CLANG_ANALYZER_NUMBER_OBJECT_CONVERSION = YES_AGGRESSIVE;
				CLANG_CXX_LANGUAGE_STANDARD = "gnu++20";
				CLANG_ENABLE_MODULES = YES;
				CLANG_ENABLE_OBJC_ARC = YES;
				CLANG_ENABLE_OBJC_WEAK = YES;
				CLANG_WARN_BLOCK_CAPTURE_AUTORELEASING = YES;
				CLANG_WARN_BOOL_CONVERSION = YES;
				CLANG_WARN_COMMA = YES;
				CLANG_WARN_CONSTANT_CONVERSION = YES;
				CLANG_WARN_DEPRECATED_OBJC_IMPLEMENTATIONS = YES;
				CLANG_WARN_DIRECT_OBJC_ISA_USAGE = YES_ERROR;
				CLANG_WARN_DOCUMENTATION_COMMENTS = YES;
				CLANG_WARN_EMPTY_BODY = YES;
				CLANG_WARN_ENUM_CONVERSION = YES;
				CLANG_WARN_INFINITE_RECURSION = YES;
				CLANG_WARN_INT_CONVERSION = YES;
				CLANG_WARN_NON_LITERAL_NULL_CONVERSION = YES;
				CLANG_WARN_OBJC_IMPLICIT_RETAIN_SELF = YES;
				CLANG_WARN_OBJC_LITERAL_CONVERSION = YES;
				CLANG_WARN_OBJC_ROOT_CLASS = YES_ERROR;
				CLANG_WARN_QUOTED_INCLUDE_IN_FRAMEWORK_HEADER = YES;
				CLANG_WARN_RANGE_LOOP_ANALYSIS = YES;
				CLANG_WARN_STRICT_PROTOTYPES = YES;
				CLANG_WARN_SUSPICIOUS_MOVE = YES;
				CLANG_WARN_UNGUARDED_AVAILABILITY = YES_AGGRESSIVE;
				CLANG_WARN_UNREACHABLE_CODE = YES;
				CLANG_WARN__DUPLICATE_METHOD_MATCH = YES;
				COPY_PHASE_STRIP = NO;
				DEBUG_INFORMATION_FORMAT = dwarf;
				ENABLE_STRICT_OBJC_MSGSEND = YES;
				ENABLE_TESTABILITY = YES;
				GCC_C_LANGUAGE_STANDARD = gnu11;
				GCC_DYNAMIC_NO_PIC = NO;
				GCC_NO_COMMON_BLOCKS = YES;
				GCC_OPTIMIZATION_LEVEL = 0;
				GCC_PREPROCESSOR_DEFINITIONS = (
					"DEBUG=1",
					"$(inherited)",
				);
				GCC_WARN_64_TO_32_BIT_CONVERSION = YES;
				GCC_WARN_ABOUT_RETURN_TYPE = YES_ERROR;
				GCC_WARN_UNDECLARED_SELECTOR = YES;
				GCC_WARN_UNINITIALIZED_AUTOS = YES_AGGRESSIVE;
				GCC_WARN_UNUSED_FUNCTION = YES;
				GCC_WARN_UNUSED_VARIABLE = YES;
				IPHONEOS_DEPLOYMENT_TARGET = 16.2;
				MTL_ENABLE_DEBUG_INFO = INCLUDE_SOURCE;
				MTL_FAST_MATH = YES;
				ONLY_ACTIVE_ARCH = YES;
				SDKROOT = iphoneos;
				SWIFT_ACTIVE_COMPILATION_CONDITIONS = DEBUG;
				SWIFT_OPTIMIZATION_LEVEL = "-Onone";
			};
			name = Debug;
		};
		1CC0509129C365E0008BE8F2 /* Release */ = {
			isa = XCBuildConfiguration;
			buildSettings = {
				ALWAYS_SEARCH_USER_PATHS = NO;
				CLANG_ANALYZER_NONNULL = YES;
				CLANG_ANALYZER_NUMBER_OBJECT_CONVERSION = YES_AGGRESSIVE;
				CLANG_CXX_LANGUAGE_STANDARD = "gnu++20";
				CLANG_ENABLE_MODULES = YES;
				CLANG_ENABLE_OBJC_ARC = YES;
				CLANG_ENABLE_OBJC_WEAK = YES;
				CLANG_WARN_BLOCK_CAPTURE_AUTORELEASING = YES;
				CLANG_WARN_BOOL_CONVERSION = YES;
				CLANG_WARN_COMMA = YES;
				CLANG_WARN_CONSTANT_CONVERSION = YES;
				CLANG_WARN_DEPRECATED_OBJC_IMPLEMENTATIONS = YES;
				CLANG_WARN_DIRECT_OBJC_ISA_USAGE = YES_ERROR;
				CLANG_WARN_DOCUMENTATION_COMMENTS = YES;
				CLANG_WARN_EMPTY_BODY = YES;
				CLANG_WARN_ENUM_CONVERSION = YES;
				CLANG_WARN_INFINITE_RECURSION = YES;
				CLANG_WARN_INT_CONVERSION = YES;
				CLANG_WARN_NON_LITERAL_NULL_CONVERSION = YES;
				CLANG_WARN_OBJC_IMPLICIT_RETAIN_SELF = YES;
				CLANG_WARN_OBJC_LITERAL_CONVERSION = YES;
				CLANG_WARN_OBJC_ROOT_CLASS = YES_ERROR;
				CLANG_WARN_QUOTED_INCLUDE_IN_FRAMEWORK_HEADER = YES;
				CLANG_WARN_RANGE_LOOP_ANALYSIS = YES;
				CLANG_WARN_STRICT_PROTOTYPES = YES;
				CLANG_WARN_SUSPICIOUS_MOVE = YES;
				CLANG_WARN_UNGUARDED_AVAILABILITY = YES_AGGRESSIVE;
				CLANG_WARN_UNREACHABLE_CODE = YES;
				CLANG_WARN__DUPLICATE_METHOD_MATCH = YES;
				COPY_PHASE_STRIP = NO;
				DEBUG_INFORMATION_FORMAT = "dwarf-with-dsym";
				ENABLE_NS_ASSERTIONS = NO;
				ENABLE_STRICT_OBJC_MSGSEND = YES;
				GCC_C_LANGUAGE_STANDARD = gnu11;
				GCC_NO_COMMON_BLOCKS = YES;
				GCC_WARN_64_TO_32_BIT_CONVERSION = YES;
				GCC_WARN_ABOUT_RETURN_TYPE = YES_ERROR;
				GCC_WARN_UNDECLARED_SELECTOR = YES;
				GCC_WARN_UNINITIALIZED_AUTOS = YES_AGGRESSIVE;
				GCC_WARN_UNUSED_FUNCTION = YES;
				GCC_WARN_UNUSED_VARIABLE = YES;
				IPHONEOS_DEPLOYMENT_TARGET = 16.2;
				MTL_ENABLE_DEBUG_INFO = NO;
				MTL_FAST_MATH = YES;
				SDKROOT = iphoneos;
				SWIFT_COMPILATION_MODE = wholemodule;
				SWIFT_OPTIMIZATION_LEVEL = "-O";
				VALIDATE_PRODUCT = YES;
			};
			name = Release;
		};
		1CC0509329C365E0008BE8F2 /* Debug */ = {
			isa = XCBuildConfiguration;
			buildSettings = {
				ASSETCATALOG_COMPILER_APPICON_NAME = AppIcon;
				ASSETCATALOG_COMPILER_GLOBAL_ACCENT_COLOR_NAME = AccentColor;
				CODE_SIGN_STYLE = Automatic;
				CURRENT_PROJECT_VERSION = 1;
				DEVELOPMENT_TEAM = ND382PR9TD;
				GENERATE_INFOPLIST_FILE = YES;
				INFOPLIST_FILE = ImageFeed/Info.plist;
				INFOPLIST_KEY_UIApplicationSupportsIndirectInputEvents = YES;
				INFOPLIST_KEY_UILaunchStoryboardName = LaunchScreen;
				INFOPLIST_KEY_UIMainStoryboardFile = Main;
				INFOPLIST_KEY_UIStatusBarStyle = UIStatusBarStyleLightContent;
				INFOPLIST_KEY_UISupportedInterfaceOrientations = UIInterfaceOrientationPortrait;
				IPHONEOS_DEPLOYMENT_TARGET = 13.0;
				LD_RUNPATH_SEARCH_PATHS = (
					"$(inherited)",
					"@executable_path/Frameworks",
				);
				MARKETING_VERSION = 1.0;
				PRODUCT_BUNDLE_IDENTIFIER = ru.bukhmillerEd.ImageFeed;
				PRODUCT_NAME = "$(TARGET_NAME)";
				SWIFT_EMIT_LOC_STRINGS = YES;
				SWIFT_VERSION = 5.0;
				TARGETED_DEVICE_FAMILY = 1;
			};
			name = Debug;
		};
		1CC0509429C365E0008BE8F2 /* Release */ = {
			isa = XCBuildConfiguration;
			buildSettings = {
				ASSETCATALOG_COMPILER_APPICON_NAME = AppIcon;
				ASSETCATALOG_COMPILER_GLOBAL_ACCENT_COLOR_NAME = AccentColor;
				CODE_SIGN_STYLE = Automatic;
				CURRENT_PROJECT_VERSION = 1;
				DEVELOPMENT_TEAM = ND382PR9TD;
				GENERATE_INFOPLIST_FILE = YES;
				INFOPLIST_FILE = ImageFeed/Info.plist;
				INFOPLIST_KEY_UIApplicationSupportsIndirectInputEvents = YES;
				INFOPLIST_KEY_UILaunchStoryboardName = LaunchScreen;
				INFOPLIST_KEY_UIMainStoryboardFile = Main;
				INFOPLIST_KEY_UIStatusBarStyle = UIStatusBarStyleLightContent;
				INFOPLIST_KEY_UISupportedInterfaceOrientations = UIInterfaceOrientationPortrait;
				IPHONEOS_DEPLOYMENT_TARGET = 13.0;
				LD_RUNPATH_SEARCH_PATHS = (
					"$(inherited)",
					"@executable_path/Frameworks",
				);
				MARKETING_VERSION = 1.0;
				PRODUCT_BUNDLE_IDENTIFIER = ru.bukhmillerEd.ImageFeed;
				PRODUCT_NAME = "$(TARGET_NAME)";
				SWIFT_EMIT_LOC_STRINGS = YES;
				SWIFT_VERSION = 5.0;
				TARGETED_DEVICE_FAMILY = 1;
			};
			name = Release;
		};
/* End XCBuildConfiguration section */

/* Begin XCConfigurationList section */
		1CC0507929C365DE008BE8F2 /* Build configuration list for PBXProject "ImageFeed" */ = {
			isa = XCConfigurationList;
			buildConfigurations = (
				1CC0509029C365E0008BE8F2 /* Debug */,
				1CC0509129C365E0008BE8F2 /* Release */,
			);
			defaultConfigurationIsVisible = 0;
			defaultConfigurationName = Release;
		};
		1CC0509229C365E0008BE8F2 /* Build configuration list for PBXNativeTarget "ImageFeed" */ = {
			isa = XCConfigurationList;
			buildConfigurations = (
				1CC0509329C365E0008BE8F2 /* Debug */,
				1CC0509429C365E0008BE8F2 /* Release */,
			);
			defaultConfigurationIsVisible = 0;
			defaultConfigurationName = Release;
		};
/* End XCConfigurationList section */

/* Begin XCRemoteSwiftPackageReference section */
		1C3F289A2A123E3C00353A7C /* XCRemoteSwiftPackageReference "Kingfisher" */ = {
			isa = XCRemoteSwiftPackageReference;
			repositoryURL = "https://github.com/onevcat/Kingfisher";
			requirement = {
				kind = upToNextMajorVersion;
				minimumVersion = 7.0.0;
			};
		};
		1C3F289D2A126D5D00353A7C /* XCRemoteSwiftPackageReference "SwiftKeychainWrapper" */ = {
			isa = XCRemoteSwiftPackageReference;
			repositoryURL = "https://github.com/jrendel/SwiftKeychainWrapper";
			requirement = {
				kind = upToNextMajorVersion;
				minimumVersion = 4.0.0;
			};
		};
		1C6C0EBF29FAC28800751DFB /* XCRemoteSwiftPackageReference "ProgressHUD" */ = {
			isa = XCRemoteSwiftPackageReference;
			repositoryURL = "https://github.com/relatedcode/ProgressHUD";
			requirement = {
				kind = exactVersion;
				version = 13.6.2;
			};
		};
/* End XCRemoteSwiftPackageReference section */

/* Begin XCSwiftPackageProductDependency section */
		1C3F289B2A123E3C00353A7C /* Kingfisher */ = {
			isa = XCSwiftPackageProductDependency;
			package = 1C3F289A2A123E3C00353A7C /* XCRemoteSwiftPackageReference "Kingfisher" */;
			productName = Kingfisher;
		};
		1C3F289E2A126D5D00353A7C /* SwiftKeychainWrapper */ = {
			isa = XCSwiftPackageProductDependency;
			package = 1C3F289D2A126D5D00353A7C /* XCRemoteSwiftPackageReference "SwiftKeychainWrapper" */;
			productName = SwiftKeychainWrapper;
		};
		1C6C0EC029FAC28800751DFB /* ProgressHUD */ = {
			isa = XCSwiftPackageProductDependency;
			package = 1C6C0EBF29FAC28800751DFB /* XCRemoteSwiftPackageReference "ProgressHUD" */;
			productName = ProgressHUD;
		};
/* End XCSwiftPackageProductDependency section */
	};
	rootObject = 1CC0507629C365DE008BE8F2 /* Project object */;
}
